
Microsoft Visual Studio Solution File, Format Version 12.00
# Visual Studio Version 17
VisualStudioVersion = 17.13.35825.156 d17.13
MinimumVisualStudioVersion = 10.0.40219.1
Project("{FAE04EC0-301F-11D3-BF4B-00C04F79EFBC}") = "MSBKutup", "MSBKutup.csproj", "{B085C6D6-740A-4777-A2EA-9A19CBCA7C89}"
EndProject
Global
	GlobalSection(SolutionConfigurationPlatforms) = preSolution
		Debug|Any CPU = Debug|Any CPU
		Release|Any CPU = Release|Any CPU
	EndGlobalSection
	GlobalSection(ProjectConfigurationPlatforms) = postSolution
		{B085C6D6-740A-4777-A2EA-9A19CBCA7C89}.Debug|Any CPU.ActiveCfg = Debug|Any CPU
		{B085C6D6-740A-4777-A2EA-9A19CBCA7C89}.Debug|Any CPU.Build.0 = Debug|Any CPU
		{B085C6D6-740A-4777-A2EA-9A19CBCA7C89}.Release|Any CPU.ActiveCfg = Release|Any CPU
		{B085C6D6-740A-4777-A2EA-9A19CBCA7C89}.Release|Any CPU.Build.0 = Release|Any CPU
	EndGlobalSection
	GlobalSection(SolutionProperties) = preSolution
		HideSolutionNode = FALSE
	EndGlobalSection
	GlobalSection(ExtensibilityGlobals) = postSolution
		SolutionGuid = {3F692B3B-8E14-4BC6-B40B-23872B7EA204}
	EndGlobalSection
EndGlobal
